
Microsoft Visual Studio Solution File, Format Version 12.00
# Visual Studio Version 17
VisualStudioVersion = 17.14.36518.9 d17.14
MinimumVisualStudioVersion = 10.0.40219.1
Project("{FAE04EC0-301F-11D3-BF4B-00C04F79EFBC}") = "CareerBridge", "CareerBridge.csproj", "{CBFFBF34-B0A2-43D8-9D6D-84113E050359}"
EndProject
Global
	GlobalSection(SolutionConfigurationPlatforms) = preSolution
		Debug|Any CPU = Debug|Any CPU
		Release|Any CPU = Release|Any CPU
	EndGlobalSection
	GlobalSection(ProjectConfigurationPlatforms) = postSolution
		{CBFFBF34-B0A2-43D8-9D6D-84113E050359}.Debug|Any CPU.ActiveCfg = Debug|Any CPU
		{CBFFBF34-B0A2-43D8-9D6D-84113E050359}.Debug|Any CPU.Build.0 = Debug|Any CPU
		{CBFFBF34-B0A2-43D8-9D6D-84113E050359}.Release|Any CPU.ActiveCfg = Release|Any CPU
		{CBFFBF34-B0A2-43D8-9D6D-84113E050359}.Release|Any CPU.Build.0 = Release|Any CPU
	EndGlobalSection
	GlobalSection(SolutionProperties) = preSolution
		HideSolutionNode = FALSE
	EndGlobalSection
	GlobalSection(ExtensibilityGlobals) = postSolution
		SolutionGuid = {398CF3CF-0B57-4348-B72B-C86AD9971D06}
	EndGlobalSection
EndGlobal
